// !$*UTF8*$!
{
	archiveVersion = 1;
	classes = {
	};
	objectVersion = 46;
	objects = {

/* Begin PBXBuildFile section */
		1843D2F0150D9C6300C175D1 /* UIKit.framework in Frameworks */ = {isa = PBXBuildFile; fileRef = 1843D2EF150D9C6300C175D1 /* UIKit.framework */; };
		1843D2F2150D9C6300C175D1 /* Foundation.framework in Frameworks */ = {isa = PBXBuildFile; fileRef = 1843D2F1150D9C6300C175D1 /* Foundation.framework */; };
		1843D2F4150D9C6300C175D1 /* CoreGraphics.framework in Frameworks */ = {isa = PBXBuildFile; fileRef = 1843D2F3150D9C6300C175D1 /* CoreGraphics.framework */; };
		1843D2FA150D9C6300C175D1 /* InfoPlist.strings in Resources */ = {isa = PBXBuildFile; fileRef = 1843D2F8150D9C6300C175D1 /* InfoPlist.strings */; };
		1843D2FC150D9C6300C175D1 /* main.m in Sources */ = {isa = PBXBuildFile; fileRef = 1843D2FB150D9C6300C175D1 /* main.m */; };
		1843D300150D9C6300C175D1 /* PUAppDelegate.m in Sources */ = {isa = PBXBuildFile; fileRef = 1843D2FF150D9C6300C175D1 /* PUAppDelegate.m */; };
		1843D303150D9C6300C175D1 /* MainStoryboard.storyboard in Resources */ = {isa = PBXBuildFile; fileRef = 1843D301150D9C6300C175D1 /* MainStoryboard.storyboard */; };
		1843D306150D9C6300C175D1 /* PUViewController.m in Sources */ = {isa = PBXBuildFile; fileRef = 1843D305150D9C6300C175D1 /* PUViewController.m */; };
/* End PBXBuildFile section */

/* Begin PBXFileReference section */
		1843D2EB150D9C6300C175D1 /* PartyUPSample.app */ = {isa = PBXFileReference; explicitFileType = wrapper.application; includeInIndex = 0; path = PartyUPSample.app; sourceTree = BUILT_PRODUCTS_DIR; };
		1843D2EF150D9C6300C175D1 /* UIKit.framework */ = {isa = PBXFileReference; lastKnownFileType = wrapper.framework; name = UIKit.framework; path = System/Library/Frameworks/UIKit.framework; sourceTree = SDKROOT; };
		1843D2F1150D9C6300C175D1 /* Foundation.framework */ = {isa = PBXFileReference; lastKnownFileType = wrapper.framework; name = Foundation.framework; path = System/Library/Frameworks/Foundation.framework; sourceTree = SDKROOT; };
		1843D2F3150D9C6300C175D1 /* CoreGraphics.framework */ = {isa = PBXFileReference; lastKnownFileType = wrapper.framework; name = CoreGraphics.framework; path = System/Library/Frameworks/CoreGraphics.framework; sourceTree = SDKROOT; };
		1843D2F7150D9C6300C175D1 /* PartyUPSample-Info.plist */ = {isa = PBXFileReference; path = "PartyUPSample-Info.plist"; sourceTree = "<group>"; };
		1843D2F9150D9C6300C175D1 /* en */ = {isa = PBXFileReference; lastKnownFileType = text.plist.strings; name = en; path = en.lproj/InfoPlist.strings; sourceTree = "<group>"; };
		1843D2FB150D9C6300C175D1 /* main.m */ = {isa = PBXFileReference; lastKnownFileType = sourcecode.c.objc; path = main.m; sourceTree = "<group>"; };
		1843D2FD150D9C6300C175D1 /* PartyUPSample-Prefix.pch */ = {isa = PBXFileReference; path = "PartyUPSample-Prefix.pch"; sourceTree = "<group>"; };
		1843D2FE150D9C6300C175D1 /* PUAppDelegate.h */ = {isa = PBXFileReference; path = PUAppDelegate.h; sourceTree = "<group>"; };
		1843D2FF150D9C6300C175D1 /* PUAppDelegate.m */ = {isa = PBXFileReference; lastKnownFileType = sourcecode.c.objc; path = PUAppDelegate.m; sourceTree = "<group>"; };
		1843D302150D9C6300C175D1 /* en */ = {isa = PBXFileReference; lastKnownFileType = file.storyboard; name = en; path = en.lproj/MainStoryboard.storyboard; sourceTree = "<group>"; };
		1843D304150D9C6300C175D1 /* PUViewController.h */ = {isa = PBXFileReference; path = PUViewController.h; sourceTree = "<group>"; };
		1843D305150D9C6300C175D1 /* PUViewController.m */ = {isa = PBXFileReference; lastKnownFileType = sourcecode.c.objc; path = PUViewController.m; sourceTree = "<group>"; };
/* End PBXFileReference section */

/* Begin PBXFrameworksBuildPhase section */
		1843D2E8150D9C6300C175D1 /* Frameworks */ = {
			isa = PBXFrameworksBuildPhase;
			buildActionMask = 2147483647;
			files = (
				1843D2F0150D9C6300C175D1 /* UIKit.framework in Frameworks */,
				1843D2F2150D9C6300C175D1 /* Foundation.framework in Frameworks */,
				1843D2F4150D9C6300C175D1 /* CoreGraphics.framework in Frameworks */,
			);
			runOnlyForDeploymentPostprocessing = 0;
		};
/* End PBXFrameworksBuildPhase section */

/* Begin PBXGroup section */
		1843D2E0150D9C6300C175D1 = {
			isa = PBXGroup;
			children = (
				1843D2F5150D9C6300C175D1 /* PartyUPSample */,
				1843D2EE150D9C6300C175D1 /* Frameworks */,
				1843D2EC150D9C6300C175D1 /* Products */,
			);
			sourceTree = "<group>";
		};
		1843D2EC150D9C6300C175D1 /* Products */ = {
			isa = PBXGroup;
			children = (
				1843D2EB150D9C6300C175D1 /* PartyUPSample.app */,
			);
			name = Products;
			sourceTree = "<group>";
		};
		1843D2EE150D9C6300C175D1 /* Frameworks */ = {
			isa = PBXGroup;
			children = (
				1843D2EF150D9C6300C175D1 /* UIKit.framework */,
				1843D2F1150D9C6300C175D1 /* Foundation.framework */,
				1843D2F3150D9C6300C175D1 /* CoreGraphics.framework */,
			);
			name = Frameworks;
			sourceTree = "<group>";
		};
		1843D2F5150D9C6300C175D1 /* PartyUPSample */ = {
			isa = PBXGroup;
			children = (
				1843D2FE150D9C6300C175D1 /* PUAppDelegate.h */,
				1843D2FF150D9C6300C175D1 /* PUAppDelegate.m */,
				1843D301150D9C6300C175D1 /* MainStoryboard.storyboard */,
				1843D304150D9C6300C175D1 /* PUViewController.h */,
				1843D305150D9C6300C175D1 /* PUViewController.m */,
				1843D2F6150D9C6300C175D1 /* Supporting Files */,
			);
			path = PartyUPSample;
			sourceTree = "<group>";
		};
		1843D2F6150D9C6300C175D1 /* Supporting Files */ = {
			isa = PBXGroup;
			children = (
				1843D2F7150D9C6300C175D1 /* PartyUPSample-Info.plist */,
				1843D2F8150D9C6300C175D1 /* InfoPlist.strings */,
				1843D2FB150D9C6300C175D1 /* main.m */,
				1843D2FD150D9C6300C175D1 /* PartyUPSample-Prefix.pch */,
			);
			name = "Supporting Files";
			sourceTree = "<group>";
		};
/* End PBXGroup section */

/* Begin PBXNativeTarget section */
		1843D2EA150D9C6300C175D1 /* PartyUPSample */ = {
			isa = PBXNativeTarget;
			buildConfigurationList = 1843D309150D9C6300C175D1 /* Build configuration list for PBXNativeTarget "PartyUPSample" */;
			buildPhases = (
				1843D2E7150D9C6300C175D1 /* Sources */,
				1843D2E8150D9C6300C175D1 /* Frameworks */,
				1843D2E9150D9C6300C175D1 /* Resources */,
			);
			buildRules = (
			);
			dependencies = (
			);
			name = PartyUPSample;
			productName = PartyUPSample;
			productReference = 1843D2EB150D9C6300C175D1 /* PartyUPSample.app */;
			productType = "com.apple.product-type.application";
		};
/* End PBXNativeTarget section */

/* Begin PBXProject section */
		1843D2E2150D9C6300C175D1 /* Project object */ = {
			isa = PBXProject;
			attributes = {
				CLASSPREFIX = PU;
				LastUpgradeCheck = 0430;
				ORGANIZATIONNAME = "NYU poly";
			};
			buildConfigurationList = 1843D2E5150D9C6300C175D1 /* Build configuration list for PBXProject "PartyUPSample" */;
			compatibilityVersion = "Xcode 3.2";
			developmentRegion = English;
			hasScannedForEncodings = 0;
			knownRegions = (
				en,
			);
			mainGroup = 1843D2E0150D9C6300C175D1;
			productRefGroup = 1843D2EC150D9C6300C175D1 /* Products */;
			projectDirPath = "";
			projectRoot = "";
			targets = (
				1843D2EA150D9C6300C175D1 /* PartyUPSample */,
			);
		};
/* End PBXProject section */

/* Begin PBXResourcesBuildPhase section */
		1843D2E9150D9C6300C175D1 /* Resources */ = {
			isa = PBXResourcesBuildPhase;
			buildActionMask = 2147483647;
			files = (
				1843D2FA150D9C6300C175D1 /* InfoPlist.strings in Resources */,
				1843D303150D9C6300C175D1 /* MainStoryboard.storyboard in Resources */,
			);
			runOnlyForDeploymentPostprocessing = 0;
		};
/* End PBXResourcesBuildPhase section */

/* Begin PBXSourcesBuildPhase section */
		1843D2E7150D9C6300C175D1 /* Sources */ = {
			isa = PBXSourcesBuildPhase;
			buildActionMask = 2147483647;
			files = (
				1843D2FC150D9C6300C175D1 /* main.m in Sources */,
				1843D300150D9C6300C175D1 /* PUAppDelegate.m in Sources */,
				1843D306150D9C6300C175D1 /* PUViewController.m in Sources */,
			);
			runOnlyForDeploymentPostprocessing = 0;
		};
/* End PBXSourcesBuildPhase section */

/* Begin PBXVariantGroup section */
		1843D2F8150D9C6300C175D1 /* InfoPlist.strings */ = {
			isa = PBXVariantGroup;
			children = (
				1843D2F9150D9C6300C175D1 /* en */,
			);
			name = InfoPlist.strings;
			sourceTree = "<group>";
		};
		1843D301150D9C6300C175D1 /* MainStoryboard.storyboard */ = {
			isa = PBXVariantGroup;
			children = (
				1843D302150D9C6300C175D1 /* en */,
			);
			name = MainStoryboard.storyboard;
			sourceTree = "<group>";
		};
/* End PBXVariantGroup section */

/* Begin XCBuildConfiguration section */
		1843D307150D9C6300C175D1 /* Debug */ = {
			isa = XCBuildConfiguration;
			buildSettings = {
				ALWAYS_SEARCH_USER_PATHS = NO;
				ARCHS = "$(ARCHS_STANDARD_32_BIT)";
				CLANG_ENABLE_OBJC_ARC = YES;
				"CODE_SIGN_IDENTITY[sdk=iphoneos*]" = "iPhone Developer";
				COPY_PHASE_STRIP = NO;
				GCC_C_LANGUAGE_STANDARD = gnu99;
				GCC_DYNAMIC_NO_PIC = NO;
				GCC_OPTIMIZATION_LEVEL = 0;
				GCC_PREPROCESSOR_DEFINITIONS = (
					"DEBUG=1",
					"$(inherited)",
				);
				GCC_SYMBOLS_PRIVATE_EXTERN = NO;
				GCC_VERSION = com.apple.compilers.llvm.clang.1_0;
				GCC_WARN_ABOUT_RETURN_TYPE = YES;
				GCC_WARN_UNINITIALIZED_AUTOS = YES;
				GCC_WARN_UNUSED_VARIABLE = YES;
				IPHONEOS_DEPLOYMENT_TARGET = 5.1;
				SDKROOT = iphoneos;
			};
			name = Debug;
		};
		1843D308150D9C6300C175D1 /* Release */ = {
			isa = XCBuildConfiguration;
			buildSettings = {
				ALWAYS_SEARCH_USER_PATHS = NO;
				ARCHS = "$(ARCHS_STANDARD_32_BIT)";
				CLANG_ENABLE_OBJC_ARC = YES;
				"CODE_SIGN_IDENTITY[sdk=iphoneos*]" = "iPhone Developer";
				COPY_PHASE_STRIP = YES;
				GCC_C_LANGUAGE_STANDARD = gnu99;
				GCC_VERSION = com.apple.compilers.llvm.clang.1_0;
				GCC_WARN_ABOUT_RETURN_TYPE = YES;
				GCC_WARN_UNINITIALIZED_AUTOS = YES;
				GCC_WARN_UNUSED_VARIABLE = YES;
				IPHONEOS_DEPLOYMENT_TARGET = 5.1;
				OTHER_CFLAGS = "-DNS_BLOCK_ASSERTIONS=1";
				SDKROOT = iphoneos;
				VALIDATE_PRODUCT = YES;
			};
			name = Release;
		};
		1843D30A150D9C6300C175D1 /* Debug */ = {
			isa = XCBuildConfiguration;
			buildSettings = {
				GCC_PRECOMPILE_PREFIX_HEADER = YES;
				GCC_PREFIX_HEADER = "PartyUPSample/PartyUPSample-Prefix.pch";
				INFOPLIST_FILE = "PartyUPSample/PartyUPSample-Info.plist";
				PRODUCT_NAME = "$(TARGET_NAME)";
				WRAPPER_EXTENSION = app;
			};
			name = Debug;
		};
		1843D30B150D9C6300C175D1 /* Release */ = {
			isa = XCBuildConfiguration;
			buildSettings = {
				GCC_PRECOMPILE_PREFIX_HEADER = YES;
				GCC_PREFIX_HEADER = "PartyUPSample/PartyUPSample-Prefix.pch";
				INFOPLIST_FILE = "PartyUPSample/PartyUPSample-Info.plist";
				PRODUCT_NAME = "$(TARGET_NAME)";
				WRAPPER_EXTENSION = app;
			};
			name = Release;
		};
/* End XCBuildConfiguration section */

/* Begin XCConfigurationList section */
		1843D2E5150D9C6300C175D1 /* Build configuration list for PBXProject "PartyUPSample" */ = {
			isa = XCConfigurationList;
			buildConfigurations = (
				1843D307150D9C6300C175D1 /* Debug */,
				1843D308150D9C6300C175D1 /* Release */,
			);
			defaultConfigurationIsVisible = 0;
			defaultConfigurationName = Release;
		};
		1843D309150D9C6300C175D1 /* Build configuration list for PBXNativeTarget "PartyUPSample" */ = {
			isa = XCConfigurationList;
			buildConfigurations = (
				1843D30A150D9C6300C175D1 /* Debug */,
				1843D30B150D9C6300C175D1 /* Release */,
			);
			defaultConfigurationIsVisible = 0;
		};
/* End XCConfigurationList section */
	};
	rootObject = 1843D2E2150D9C6300C175D1 /* Project object */;
}
